
Microsoft Visual Studio Solution File, Format Version 12.00
# Visual Studio Version 17
VisualStudioVersion = 17.3.32929.385
MinimumVisualStudioVersion = 10.0.40219.1
Project("{FAE04EC0-301F-11D3-BF4B-00C04F79EFBC}") = "ConsoleToWeb", "ConsoleToWeb.csproj", "{C4C0E734-51C2-4122-AAD2-AABA1DAC71E4}"
EndProject
Global
	GlobalSection(SolutionConfigurationPlatforms) = preSolution
		Debug|Any CPU = Debug|Any CPU
		Release|Any CPU = Release|Any CPU
	EndGlobalSection
	GlobalSection(ProjectConfigurationPlatforms) = postSolution
		{C4C0E734-51C2-4122-AAD2-AABA1DAC71E4}.Debug|Any CPU.ActiveCfg = Debug|Any CPU
		{C4C0E734-51C2-4122-AAD2-AABA1DAC71E4}.Debug|Any CPU.Build.0 = Debug|Any CPU
		{C4C0E734-51C2-4122-AAD2-AABA1DAC71E4}.Release|Any CPU.ActiveCfg = Release|Any CPU
		{C4C0E734-51C2-4122-AAD2-AABA1DAC71E4}.Release|Any CPU.Build.0 = Release|Any CPU
	EndGlobalSection
	GlobalSection(SolutionProperties) = preSolution
		HideSolutionNode = FALSE
	EndGlobalSection
	GlobalSection(ExtensibilityGlobals) = postSolution
		SolutionGuid = {29161B38-AEF0-4AFC-91EB-1B00336658F3}
	EndGlobalSection
EndGlobal
